
Microsoft Visual Studio Solution File, Format Version 12.00
# Visual Studio Version 17
VisualStudioVersion = 17.14.36603.0
MinimumVisualStudioVersion = 10.0.40219.1
Project("{FAE04EC0-301F-11D3-BF4B-00C04F79EFBC}") = "MyWebApp", "..\..\source\repos\MyWebApp\MyWebApp\MyWebApp.csproj", "{549160B2-3408-754F-09BE-0B626FD13685}"
EndProject
Global
	GlobalSection(SolutionConfigurationPlatforms) = preSolution
		Debug|Any CPU = Debug|Any CPU
		Release|Any CPU = Release|Any CPU
	EndGlobalSection
	GlobalSection(ProjectConfigurationPlatforms) = postSolution
		{549160B2-3408-754F-09BE-0B626FD13685}.Debug|Any CPU.ActiveCfg = Debug|Any CPU
		{549160B2-3408-754F-09BE-0B626FD13685}.Debug|Any CPU.Build.0 = Debug|Any CPU
		{549160B2-3408-754F-09BE-0B626FD13685}.Release|Any CPU.ActiveCfg = Release|Any CPU
		{549160B2-3408-754F-09BE-0B626FD13685}.Release|Any CPU.Build.0 = Release|Any CPU
	EndGlobalSection
	GlobalSection(SolutionProperties) = preSolution
		HideSolutionNode = FALSE
	EndGlobalSection
	GlobalSection(ExtensibilityGlobals) = postSolution
		SolutionGuid = {0E17E6B1-7613-466F-9201-EDF1DE9A5528}
	EndGlobalSection
EndGlobal
